
Microsoft Visual Studio Solution File, Format Version 12.00
# Visual Studio 2012
Project("{FAE04EC0-301F-11D3-BF4B-00C04F79EFBC}") = "XCake", "XCake\XCake.csproj", "{0CB97DDF-CAE8-444F-8689-01EEF9EFCF1B}"
EndProject
Project("{FAE04EC0-301F-11D3-BF4B-00C04F79EFBC}") = "XCake.Droid", "Droid\XCake.Droid.csproj", "{B51C1C39-6619-4C38-8638-E36FEB496DE0}"
EndProject
Project("{FAE04EC0-301F-11D3-BF4B-00C04F79EFBC}") = "XCake.iOS", "iOS\XCake.iOS.csproj", "{6149794F-D032-4203-ADB9-E5A3A3B3A8EB}"
EndProject
Global
	GlobalSection(SolutionConfigurationPlatforms) = preSolution
		Debug|Any CPU = Debug|Any CPU
		Release|Any CPU = Release|Any CPU
		Debug|iPhoneSimulator = Debug|iPhoneSimulator
		Release|iPhone = Release|iPhone
		Release|iPhoneSimulator = Release|iPhoneSimulator
		Debug|iPhone = Debug|iPhone
	EndGlobalSection
	GlobalSection(ProjectConfigurationPlatforms) = postSolution
		{0CB97DDF-CAE8-444F-8689-01EEF9EFCF1B}.Debug|Any CPU.ActiveCfg = Debug|Any CPU
		{0CB97DDF-CAE8-444F-8689-01EEF9EFCF1B}.Debug|Any CPU.Build.0 = Debug|Any CPU
		{0CB97DDF-CAE8-444F-8689-01EEF9EFCF1B}.Release|Any CPU.ActiveCfg = Release|Any CPU
		{0CB97DDF-CAE8-444F-8689-01EEF9EFCF1B}.Release|Any CPU.Build.0 = Release|Any CPU
		{0CB97DDF-CAE8-444F-8689-01EEF9EFCF1B}.Debug|iPhoneSimulator.ActiveCfg = Debug|Any CPU
		{0CB97DDF-CAE8-444F-8689-01EEF9EFCF1B}.Debug|iPhoneSimulator.Build.0 = Debug|Any CPU
		{0CB97DDF-CAE8-444F-8689-01EEF9EFCF1B}.Release|iPhone.ActiveCfg = Release|Any CPU
		{0CB97DDF-CAE8-444F-8689-01EEF9EFCF1B}.Release|iPhone.Build.0 = Release|Any CPU
		{0CB97DDF-CAE8-444F-8689-01EEF9EFCF1B}.Release|iPhoneSimulator.ActiveCfg = Release|Any CPU
		{0CB97DDF-CAE8-444F-8689-01EEF9EFCF1B}.Release|iPhoneSimulator.Build.0 = Release|Any CPU
		{0CB97DDF-CAE8-444F-8689-01EEF9EFCF1B}.Debug|iPhone.ActiveCfg = Debug|Any CPU
		{0CB97DDF-CAE8-444F-8689-01EEF9EFCF1B}.Debug|iPhone.Build.0 = Debug|Any CPU
		{B51C1C39-6619-4C38-8638-E36FEB496DE0}.Debug|Any CPU.ActiveCfg = Debug|Any CPU
		{B51C1C39-6619-4C38-8638-E36FEB496DE0}.Debug|Any CPU.Build.0 = Debug|Any CPU
		{B51C1C39-6619-4C38-8638-E36FEB496DE0}.Release|Any CPU.ActiveCfg = Release|Any CPU
		{B51C1C39-6619-4C38-8638-E36FEB496DE0}.Release|Any CPU.Build.0 = Release|Any CPU
		{B51C1C39-6619-4C38-8638-E36FEB496DE0}.Debug|iPhoneSimulator.ActiveCfg = Debug|Any CPU
		{B51C1C39-6619-4C38-8638-E36FEB496DE0}.Debug|iPhoneSimulator.Build.0 = Debug|Any CPU
		{B51C1C39-6619-4C38-8638-E36FEB496DE0}.Release|iPhone.ActiveCfg = Release|Any CPU
		{B51C1C39-6619-4C38-8638-E36FEB496DE0}.Release|iPhone.Build.0 = Release|Any CPU
		{B51C1C39-6619-4C38-8638-E36FEB496DE0}.Release|iPhoneSimulator.ActiveCfg = Release|Any CPU
		{B51C1C39-6619-4C38-8638-E36FEB496DE0}.Release|iPhoneSimulator.Build.0 = Release|Any CPU
		{B51C1C39-6619-4C38-8638-E36FEB496DE0}.Debug|iPhone.ActiveCfg = Debug|Any CPU
		{B51C1C39-6619-4C38-8638-E36FEB496DE0}.Debug|iPhone.Build.0 = Debug|Any CPU
		{6149794F-D032-4203-ADB9-E5A3A3B3A8EB}.Debug|Any CPU.ActiveCfg = Debug|iPhoneSimulator
		{6149794F-D032-4203-ADB9-E5A3A3B3A8EB}.Debug|Any CPU.Build.0 = Debug|iPhoneSimulator
		{6149794F-D032-4203-ADB9-E5A3A3B3A8EB}.Release|Any CPU.ActiveCfg = Release|iPhone
		{6149794F-D032-4203-ADB9-E5A3A3B3A8EB}.Release|Any CPU.Build.0 = Release|iPhone
		{6149794F-D032-4203-ADB9-E5A3A3B3A8EB}.Debug|iPhoneSimulator.ActiveCfg = Debug|iPhoneSimulator
		{6149794F-D032-4203-ADB9-E5A3A3B3A8EB}.Debug|iPhoneSimulator.Build.0 = Debug|iPhoneSimulator
		{6149794F-D032-4203-ADB9-E5A3A3B3A8EB}.Release|iPhone.ActiveCfg = Release|iPhone
		{6149794F-D032-4203-ADB9-E5A3A3B3A8EB}.Release|iPhone.Build.0 = Release|iPhone
		{6149794F-D032-4203-ADB9-E5A3A3B3A8EB}.Release|iPhoneSimulator.ActiveCfg = Release|iPhoneSimulator
		{6149794F-D032-4203-ADB9-E5A3A3B3A8EB}.Release|iPhoneSimulator.Build.0 = Release|iPhoneSimulator
		{6149794F-D032-4203-ADB9-E5A3A3B3A8EB}.Debug|iPhone.ActiveCfg = Debug|iPhone
		{6149794F-D032-4203-ADB9-E5A3A3B3A8EB}.Debug|iPhone.Build.0 = Debug|iPhone
	EndGlobalSection
EndGlobal
